github.com/bakhod1r/devicex v0.2.1 h1:yBn/wKBVz88AekX8sduShG0nuZ6Rpi/XAUv6Uk2jGE0=
github.com/bakhod1r/devicex v0.2.1/go.mod h1:PJeMTr55ThTCaExQW+uaEYSE0k8/ZWhBvdKGrnPkT8w=
github.com/bakhod1r/emailx v0.4.0 h1:S3VV47b8SFsT/u1SXrVTGyP6k2rv21UTPcjSUG1wW6E=
github.com/bakhod1r/emailx v0.4.0/go.mod h1:lPK7Gfy0x+O+3UC/tPY0Vatf8tC7VEnpB1gZuren9S8=
github.com/bakhod1r/phonex v0.1.0 h1:VblnmDNE9Yntb3/Zfp/+bYEMD9LJLdDZGfp6GG170gc=
github.com/bakhod1r/phonex v0.1.0/go.mod h1:MZHLHpIV3QIy/m/7jL20sFWlJXazxASypbPHJuReBXI=
github.com/go-faker/faker/v4 v4.10.0 h1:rHTZVwG1x8aN4zXDYJUFucOGDQojuxOby5MTdC/M2Fw=
github.com/go-faker/faker/v4 v4.10.0/go.mod h1:X+KzPB4JZ82GY4MYr7NV7zmp+i/K0SG5EDKqIg5zd1k=
github.com/google/uuid v1.6.0 h1:NIvaJDMOsjHA8n1jAhLSgzrAzy1Hgr+hNrb57e+94F0=
github.com/google/uuid v1.6.0/go.mod h1:TIyPZe4MgqvfeYDBFedMoGGpEw/LqOeaOT+nhxU+yHo=
github.com/jaswdr/faker/v2 v2.9.1 h1:J0Rjqb2/FquZnoZplzkGVL5LmhNkeIpvsSMoJKzn+8E=
github.com/jaswdr/faker/v2 v2.9.1/go.mod h1:jZq+qzNQr8/P+5fHd9t3txe2GNPnthrTfohtnJ7B+68=
golang.org/x/text v0.29.0 h1:1neNs90w9YzJ9BocxfsQNHKuAT4pkghyXc4nhZ6sJvk=
golang.org/x/text v0.29.0/go.mod h1:7MhJOA9CD2qZyOKYazxdYMF85OwPdEr9jTtBpO7ydH4=
gopkg.in/check.v1 v0.0.0-20161208181325-20d25e280405 h1:yhCVgyC4o1eVCa2tZl7eS0r+SDo693bJlVdllGtEeKM=
gopkg.in/check.v1 v0.0.0-20161208181325-20d25e280405/go.mod h1:Co6ibVJAznAaIkqp8huTwlJQCZ016jof/cbN4VW5Yz0=
gopkg.in/yaml.v3 v3.0.1 h1:fxVm/GzAzEWqLHuvctI91KS9hhNmmWOoWu0XTYJS7CA=
gopkg.in/yaml.v3 v3.0.1/go.mod h1:K4uyk7z7BCEPqu6E+C64Yfv1cQ7kz7rIZviUmN+EgEM=
